
Microsoft Visual Studio Solution File, Format Version 12.00
# Visual Studio Version 17
VisualStudioVersion = 17.13.35825.156 d17.13
MinimumVisualStudioVersion = 10.0.40219.1
Project("{FAE04EC0-301F-11D3-BF4B-00C04F79EFBC}") = "DotnetOllamaAIChatBotProject", "DotnetOllamaAIChatBotProject\DotnetOllamaAIChatBotProject.csproj", "{D69A3B34-DAE3-4D51-BB2E-093AFCF49B8B}"
EndProject
Global
	GlobalSection(SolutionConfigurationPlatforms) = preSolution
		Debug|Any CPU = Debug|Any CPU
		Release|Any CPU = Release|Any CPU
	EndGlobalSection
	GlobalSection(ProjectConfigurationPlatforms) = postSolution
		{D69A3B34-DAE3-4D51-BB2E-093AFCF49B8B}.Debug|Any CPU.ActiveCfg = Debug|Any CPU
		{D69A3B34-DAE3-4D51-BB2E-093AFCF49B8B}.Debug|Any CPU.Build.0 = Debug|Any CPU
		{D69A3B34-DAE3-4D51-BB2E-093AFCF49B8B}.Release|Any CPU.ActiveCfg = Release|Any CPU
		{D69A3B34-DAE3-4D51-BB2E-093AFCF49B8B}.Release|Any CPU.Build.0 = Release|Any CPU
	EndGlobalSection
	GlobalSection(SolutionProperties) = preSolution
		HideSolutionNode = FALSE
	EndGlobalSection
	GlobalSection(ExtensibilityGlobals) = postSolution
		SolutionGuid = {B748F990-E6F1-46DC-831C-1F49C0B87B74}
	EndGlobalSection
EndGlobal
